
Microsoft Visual Studio Solution File, Format Version 12.00
# Visual Studio 15
VisualStudioVersion = 15.0.27004.2009
MinimumVisualStudioVersion = 10.0.40219.1
Project("{FAE04EC0-301F-11D3-BF4B-00C04F79EFBC}") = "SoftEtherVPNCmdNETCore", "SoftEtherVPNCmdNETCore\SoftEtherVPNCmdNETCore.csproj", "{B55C04FE-7E85-41F7-97CC-DC57F07ADDC4}"
EndProject
Project("{FAE04EC0-301F-11D3-BF4B-00C04F79EFBC}") = "XUnitSoftEtherVPNCmdNETCore", "XUnitSoftEtherVPNCmdNETCore\XUnitSoftEtherVPNCmdNETCore.csproj", "{97945C9D-7D9A-41E7-ADC0-D74534E388DE}"
EndProject
Global
	GlobalSection(SolutionConfigurationPlatforms) = preSolution
		Debug|Any CPU = Debug|Any CPU
		Release|Any CPU = Release|Any CPU
	EndGlobalSection
	GlobalSection(ProjectConfigurationPlatforms) = postSolution
		{B55C04FE-7E85-41F7-97CC-DC57F07ADDC4}.Debug|Any CPU.ActiveCfg = Debug|Any CPU
		{B55C04FE-7E85-41F7-97CC-DC57F07ADDC4}.Debug|Any CPU.Build.0 = Debug|Any CPU
		{B55C04FE-7E85-41F7-97CC-DC57F07ADDC4}.Release|Any CPU.ActiveCfg = Release|Any CPU
		{B55C04FE-7E85-41F7-97CC-DC57F07ADDC4}.Release|Any CPU.Build.0 = Release|Any CPU
		{97945C9D-7D9A-41E7-ADC0-D74534E388DE}.Debug|Any CPU.ActiveCfg = Debug|Any CPU
		{97945C9D-7D9A-41E7-ADC0-D74534E388DE}.Debug|Any CPU.Build.0 = Debug|Any CPU
		{97945C9D-7D9A-41E7-ADC0-D74534E388DE}.Release|Any CPU.ActiveCfg = Release|Any CPU
		{97945C9D-7D9A-41E7-ADC0-D74534E388DE}.Release|Any CPU.Build.0 = Release|Any CPU
	EndGlobalSection
	GlobalSection(SolutionProperties) = preSolution
		HideSolutionNode = FALSE
	EndGlobalSection
	GlobalSection(ExtensibilityGlobals) = postSolution
		SolutionGuid = {5EDF57E3-853A-4FF3-BA08-597F9FCED60B}
	EndGlobalSection
EndGlobal
